// !$*UTF8*$!
{
	archiveVersion = 1;
	classes = {
	};
	objectVersion = 46;
	objects = {

/* Begin PBXBuildFile section */
		B24BD70F1D655F00009ACCED /* main.m in Sources */ = {isa = PBXBuildFile; fileRef = B24BD70E1D655F00009ACCED /* main.m */; };
		B24BD7121D655F00009ACCED /* AppDelegate.m in Sources */ = {isa = PBXBuildFile; fileRef = B24BD7111D655F00009ACCED /* AppDelegate.m */; };
		B24BD7151D655F00009ACCED /* ViewController.m in Sources */ = {isa = PBXBuildFile; fileRef = B24BD7141D655F00009ACCED /* ViewController.m */; };
		B24BD7181D655F00009ACCED /* Main.storyboard in Resources */ = {isa = PBXBuildFile; fileRef = B24BD7161D655F00009ACCED /* Main.storyboard */; };
		B24BD71B1D655F00009ACCED /* gwlAnimation.xcdatamodeld in Sources */ = {isa = PBXBuildFile; fileRef = B24BD7191D655F00009ACCED /* gwlAnimation.xcdatamodeld */; };
		B24BD71D1D655F00009ACCED /* Assets.xcassets in Resources */ = {isa = PBXBuildFile; fileRef = B24BD71C1D655F00009ACCED /* Assets.xcassets */; };
		B24BD7201D655F00009ACCED /* LaunchScreen.storyboard in Resources */ = {isa = PBXBuildFile; fileRef = B24BD71E1D655F00009ACCED /* LaunchScreen.storyboard */; };
		B24BD72B1D655F00009ACCED /* gwlAnimationTests.m in Sources */ = {isa = PBXBuildFile; fileRef = B24BD72A1D655F00009ACCED /* gwlAnimationTests.m */; };
		B24BD7361D655F00009ACCED /* gwlAnimationUITests.m in Sources */ = {isa = PBXBuildFile; fileRef = B24BD7351D655F00009ACCED /* gwlAnimationUITests.m */; };
/* End PBXBuildFile section */

/* Begin PBXContainerItemProxy section */
		B24BD7271D655F00009ACCED /* PBXContainerItemProxy */ = {
			isa = PBXContainerItemProxy;
			containerPortal = B24BD7021D655F00009ACCED /* Project object */;
			proxyType = 1;
			remoteGlobalIDString = B24BD7091D655F00009ACCED;
			remoteInfo = gwlAnimation;
		};
		B24BD7321D655F00009ACCED /* PBXContainerItemProxy */ = {
			isa = PBXContainerItemProxy;
			containerPortal = B24BD7021D655F00009ACCED /* Project object */;
			proxyType = 1;
			remoteGlobalIDString = B24BD7091D655F00009ACCED;
			remoteInfo = gwlAnimation;
		};
/* End PBXContainerItemProxy section */

/* Begin PBXFileReference section */
		B24BD70A1D655F00009ACCED /* gwlAnimation.app */ = {isa = PBXFileReference; explicitFileType = wrapper.application; includeInIndex = 0; path = gwlAnimation.app; sourceTree = BUILT_PRODUCTS_DIR; };
		B24BD70E1D655F00009ACCED /* main.m */ = {isa = PBXFileReference; lastKnownFileType = sourcecode.c.objc; path = main.m; sourceTree = "<group>"; };
		B24BD7101D655F00009ACCED /* AppDelegate.h */ = {isa = PBXFileReference; lastKnownFileType = sourcecode.c.h; path = AppDelegate.h; sourceTree = "<group>"; };
		B24BD7111D655F00009ACCED /* AppDelegate.m */ = {isa = PBXFileReference; lastKnownFileType = sourcecode.c.objc; path = AppDelegate.m; sourceTree = "<group>"; };
		B24BD7131D655F00009ACCED /* ViewController.h */ = {isa = PBXFileReference; lastKnownFileType = sourcecode.c.h; path = ViewController.h; sourceTree = "<group>"; };
		B24BD7141D655F00009ACCED /* ViewController.m */ = {isa = PBXFileReference; lastKnownFileType = sourcecode.c.objc; path = ViewController.m; sourceTree = "<group>"; };
		B24BD7171D655F00009ACCED /* Base */ = {isa = PBXFileReference; lastKnownFileType = file.storyboard; name = Base; path = Base.lproj/Main.storyboard; sourceTree = "<group>"; };
		B24BD71A1D655F00009ACCED /* gwlAnimation.xcdatamodel */ = {isa = PBXFileReference; lastKnownFileType = wrapper.xcdatamodel; path = gwlAnimation.xcdatamodel; sourceTree = "<group>"; };
		B24BD71C1D655F00009ACCED /* Assets.xcassets */ = {isa = PBXFileReference; lastKnownFileType = folder.assetcatalog; path = Assets.xcassets; sourceTree = "<group>"; };
		B24BD71F1D655F00009ACCED /* Base */ = {isa = PBXFileReference; lastKnownFileType = file.storyboard; name = Base; path = Base.lproj/LaunchScreen.storyboard; sourceTree = "<group>"; };
		B24BD7211D655F00009ACCED /* Info.plist */ = {isa = PBXFileReference; lastKnownFileType = text.plist.xml; path = Info.plist; sourceTree = "<group>"; };
		B24BD7261D655F00009ACCED /* gwlAnimationTests.xctest */ = {isa = PBXFileReference; explicitFileType = wrapper.cfbundle; includeInIndex = 0; path = gwlAnimationTests.xctest; sourceTree = BUILT_PRODUCTS_DIR; };
		B24BD72A1D655F00009ACCED /* gwlAnimationTests.m */ = {isa = PBXFileReference; lastKnownFileType = sourcecode.c.objc; path = gwlAnimationTests.m; sourceTree = "<group>"; };
		B24BD72C1D655F00009ACCED /* Info.plist */ = {isa = PBXFileReference; lastKnownFileType = text.plist.xml; path = Info.plist; sourceTree = "<group>"; };
		B24BD7311D655F00009ACCED /* gwlAnimationUITests.xctest */ = {isa = PBXFileReference; explicitFileType = wrapper.cfbundle; includeInIndex = 0; path = gwlAnimationUITests.xctest; sourceTree = BUILT_PRODUCTS_DIR; };
		B24BD7351D655F00009ACCED /* gwlAnimationUITests.m */ = {isa = PBXFileReference; lastKnownFileType = sourcecode.c.objc; path = gwlAnimationUITests.m; sourceTree = "<group>"; };
		B24BD7371D655F00009ACCED /* Info.plist */ = {isa = PBXFileReference; lastKnownFileType = text.plist.xml; path = Info.plist; sourceTree = "<group>"; };
/* End PBXFileReference section */

/* Begin PBXFrameworksBuildPhase section */
		B24BD7071D655F00009ACCED /* Frameworks */ = {
			isa = PBXFrameworksBuildPhase;
			buildActionMask = 2147483647;
			files = (
			);
			runOnlyForDeploymentPostprocessing = 0;
		};
		B24BD7231D655F00009ACCED /* Frameworks */ = {
			isa = PBXFrameworksBuildPhase;
			buildActionMask = 2147483647;
			files = (
			);
			runOnlyForDeploymentPostprocessing = 0;
		};
		B24BD72E1D655F00009ACCED /* Frameworks */ = {
			isa = PBXFrameworksBuildPhase;
			buildActionMask = 2147483647;
			files = (
			);
			runOnlyForDeploymentPostprocessing = 0;
		};
/* End PBXFrameworksBuildPhase section */

/* Begin PBXGroup section */
		B24BD7011D655F00009ACCED = {
			isa = PBXGroup;
			children = (
				B24BD70C1D655F00009ACCED /* gwlAnimation */,
				B24BD7291D655F00009ACCED /* gwlAnimationTests */,
				B24BD7341D655F00009ACCED /* gwlAnimationUITests */,
				B24BD70B1D655F00009ACCED /* Products */,
			);
			sourceTree = "<group>";
		};
		B24BD70B1D655F00009ACCED /* Products */ = {
			isa = PBXGroup;
			children = (
				B24BD70A1D655F00009ACCED /* gwlAnimation.app */,
				B24BD7261D655F00009ACCED /* gwlAnimationTests.xctest */,
				B24BD7311D655F00009ACCED /* gwlAnimationUITests.xctest */,
			);
			name = Products;
			sourceTree = "<group>";
		};
		B24BD70C1D655F00009ACCED /* gwlAnimation */ = {
			isa = PBXGroup;
			children = (
				B24BD7101D655F00009ACCED /* AppDelegate.h */,
				B24BD7111D655F00009ACCED /* AppDelegate.m */,
				B24BD7131D655F00009ACCED /* ViewController.h */,
				B24BD7141D655F00009ACCED /* ViewController.m */,
				B24BD7161D655F00009ACCED /* Main.storyboard */,
				B24BD71C1D655F00009ACCED /* Assets.xcassets */,
				B24BD71E1D655F00009ACCED /* LaunchScreen.storyboard */,
				B24BD7211D655F00009ACCED /* Info.plist */,
				B24BD7191D655F00009ACCED /* gwlAnimation.xcdatamodeld */,
				B24BD70D1D655F00009ACCED /* Supporting Files */,
			);
			path = gwlAnimation;
			sourceTree = "<group>";
		};
		B24BD70D1D655F00009ACCED /* Supporting Files */ = {
			isa = PBXGroup;
			children = (
				B24BD70E1D655F00009ACCED /* main.m */,
			);
			name = "Supporting Files";
			sourceTree = "<group>";
		};
		B24BD7291D655F00009ACCED /* gwlAnimationTests */ = {
			isa = PBXGroup;
			children = (
				B24BD72A1D655F00009ACCED /* gwlAnimationTests.m */,
				B24BD72C1D655F00009ACCED /* Info.plist */,
			);
			path = gwlAnimationTests;
			sourceTree = "<group>";
		};
		B24BD7341D655F00009ACCED /* gwlAnimationUITests */ = {
			isa = PBXGroup;
			children = (
				B24BD7351D655F00009ACCED /* gwlAnimationUITests.m */,
				B24BD7371D655F00009ACCED /* Info.plist */,
			);
			path = gwlAnimationUITests;
			sourceTree = "<group>";
		};
/* End PBXGroup section */

/* Begin PBXNativeTarget section */
		B24BD7091D655F00009ACCED /* gwlAnimation */ = {
			isa = PBXNativeTarget;
			buildConfigurationList = B24BD73A1D655F00009ACCED /* Build configuration list for PBXNativeTarget "gwlAnimation" */;
			buildPhases = (
				B24BD7061D655F00009ACCED /* Sources */,
				B24BD7071D655F00009ACCED /* Frameworks */,
				B24BD7081D655F00009ACCED /* Resources */,
			);
			buildRules = (
			);
			dependencies = (
			);
			name = gwlAnimation;
			productName = gwlAnimation;
			productReference = B24BD70A1D655F00009ACCED /* gwlAnimation.app */;
			productType = "com.apple.product-type.application";
		};
		B24BD7251D655F00009ACCED /* gwlAnimationTests */ = {
			isa = PBXNativeTarget;
			buildConfigurationList = B24BD73D1D655F00009ACCED /* Build configuration list for PBXNativeTarget "gwlAnimationTests" */;
			buildPhases = (
				B24BD7221D655F00009ACCED /* Sources */,
				B24BD7231D655F00009ACCED /* Frameworks */,
				B24BD7241D655F00009ACCED /* Resources */,
			);
			buildRules = (
			);
			dependencies = (
				B24BD7281D655F00009ACCED /* PBXTargetDependency */,
			);
			name = gwlAnimationTests;
			productName = gwlAnimationTests;
			productReference = B24BD7261D655F00009ACCED /* gwlAnimationTests.xctest */;
			productType = "com.apple.product-type.bundle.unit-test";
		};
		B24BD7301D655F00009ACCED /* gwlAnimationUITests */ = {
			isa = PBXNativeTarget;
			buildConfigurationList = B24BD7401D655F00009ACCED /* Build configuration list for PBXNativeTarget "gwlAnimationUITests" */;
			buildPhases = (
				B24BD72D1D655F00009ACCED /* Sources */,
				B24BD72E1D655F00009ACCED /* Frameworks */,
				B24BD72F1D655F00009ACCED /* Resources */,
			);
			buildRules = (
			);
			dependencies = (
				B24BD7331D655F00009ACCED /* PBXTargetDependency */,
			);
			name = gwlAnimationUITests;
			productName = gwlAnimationUITests;
			productReference = B24BD7311D655F00009ACCED /* gwlAnimationUITests.xctest */;
			productType = "com.apple.product-type.bundle.ui-testing";
		};
/* End PBXNativeTarget section */

/* Begin PBXProject section */
		B24BD7021D655F00009ACCED /* Project object */ = {
			isa = PBXProject;
			attributes = {
				LastUpgradeCheck = 0730;
				ORGANIZATIONNAME = "王敏";
				TargetAttributes = {
					B24BD7091D655F00009ACCED = {
						CreatedOnToolsVersion = 7.3.1;
					};
					B24BD7251D655F00009ACCED = {
						CreatedOnToolsVersion = 7.3.1;
						TestTargetID = B24BD7091D655F00009ACCED;
					};
					B24BD7301D655F00009ACCED = {
						CreatedOnToolsVersion = 7.3.1;
						TestTargetID = B24BD7091D655F00009ACCED;
					};
				};
			};
			buildConfigurationList = B24BD7051D655F00009ACCED /* Build configuration list for PBXProject "gwlAnimation" */;
			compatibilityVersion = "Xcode 3.2";
			developmentRegion = English;
			hasScannedForEncodings = 0;
			knownRegions = (
				en,
				Base,
			);
			mainGroup = B24BD7011D655F00009ACCED;
			productRefGroup = B24BD70B1D655F00009ACCED /* Products */;
			projectDirPath = "";
			projectRoot = "";
			targets = (
				B24BD7091D655F00009ACCED /* gwlAnimation */,
				B24BD7251D655F00009ACCED /* gwlAnimationTests */,
				B24BD7301D655F00009ACCED /* gwlAnimationUITests */,
			);
		};
/* End PBXProject section */

/* Begin PBXResourcesBuildPhase section */
		B24BD7081D655F00009ACCED /* Resources */ = {
			isa = PBXResourcesBuildPhase;
			buildActionMask = 2147483647;
			files = (
				B24BD7201D655F00009ACCED /* LaunchScreen.storyboard in Resources */,
				B24BD71D1D655F00009ACCED /* Assets.xcassets in Resources */,
				B24BD7181D655F00009ACCED /* Main.storyboard in Resources */,
			);
			runOnlyForDeploymentPostprocessing = 0;
		};
		B24BD7241D655F00009ACCED /* Resources */ = {
			isa = PBXResourcesBuildPhase;
			buildActionMask = 2147483647;
			files = (
			);
			runOnlyForDeploymentPostprocessing = 0;
		};
		B24BD72F1D655F00009ACCED /* Resources */ = {
			isa = PBXResourcesBuildPhase;
			buildActionMask = 2147483647;
			files = (
			);
			runOnlyForDeploymentPostprocessing = 0;
		};
/* End PBXResourcesBuildPhase section */

/* Begin PBXSourcesBuildPhase section */
		B24BD7061D655F00009ACCED /* Sources */ = {
			isa = PBXSourcesBuildPhase;
			buildActionMask = 2147483647;
			files = (
				B24BD7151D655F00009ACCED /* ViewController.m in Sources */,
				B24BD7121D655F00009ACCED /* AppDelegate.m in Sources */,
				B24BD70F1D655F00009ACCED /* main.m in Sources */,
				B24BD71B1D655F00009ACCED /* gwlAnimation.xcdatamodeld in Sources */,
			);
			runOnlyForDeploymentPostprocessing = 0;
		};
		B24BD7221D655F00009ACCED /* Sources */ = {
			isa = PBXSourcesBuildPhase;
			buildActionMask = 2147483647;
			files = (
				B24BD72B1D655F00009ACCED /* gwlAnimationTests.m in Sources */,
			);
			runOnlyForDeploymentPostprocessing = 0;
		};
		B24BD72D1D655F00009ACCED /* Sources */ = {
			isa = PBXSourcesBuildPhase;
			buildActionMask = 2147483647;
			files = (
				B24BD7361D655F00009ACCED /* gwlAnimationUITests.m in Sources */,
			);
			runOnlyForDeploymentPostprocessing = 0;
		};
/* End PBXSourcesBuildPhase section */

/* Begin PBXTargetDependency section */
		B24BD7281D655F00009ACCED /* PBXTargetDependency */ = {
			isa = PBXTargetDependency;
			target = B24BD7091D655F00009ACCED /* gwlAnimation */;
			targetProxy = B24BD7271D655F00009ACCED /* PBXContainerItemProxy */;
		};
		B24BD7331D655F00009ACCED /* PBXTargetDependency */ = {
			isa = PBXTargetDependency;
			target = B24BD7091D655F00009ACCED /* gwlAnimation */;
			targetProxy = B24BD7321D655F00009ACCED /* PBXContainerItemProxy */;
		};
/* End PBXTargetDependency section */

/* Begin PBXVariantGroup section */
		B24BD7161D655F00009ACCED /* Main.storyboard */ = {
			isa = PBXVariantGroup;
			children = (
				B24BD7171D655F00009ACCED /* Base */,
			);
			name = Main.storyboard;
			sourceTree = "<group>";
		};
		B24BD71E1D655F00009ACCED /* LaunchScreen.storyboard */ = {
			isa = PBXVariantGroup;
			children = (
				B24BD71F1D655F00009ACCED /* Base */,
			);
			name = LaunchScreen.storyboard;
			sourceTree = "<group>";
		};
/* End PBXVariantGroup section */

/* Begin XCBuildConfiguration section */
		B24BD7381D655F00009ACCED /* Debug */ = {
			isa = XCBuildConfiguration;
			buildSettings = {
				ALWAYS_SEARCH_USER_PATHS = NO;
				CLANG_ANALYZER_NONNULL = YES;
				CLANG_CXX_LANGUAGE_STANDARD = "gnu++0x";
				CLANG_CXX_LIBRARY = "libc++";
				CLANG_ENABLE_MODULES = YES;
				CLANG_ENABLE_OBJC_ARC = YES;
				CLANG_WARN_BOOL_CONVERSION = YES;
				CLANG_WARN_CONSTANT_CONVERSION = YES;
				CLANG_WARN_DIRECT_OBJC_ISA_USAGE = YES_ERROR;
				CLANG_WARN_EMPTY_BODY = YES;
				CLANG_WARN_ENUM_CONVERSION = YES;
				CLANG_WARN_INT_CONVERSION = YES;
				CLANG_WARN_OBJC_ROOT_CLASS = YES_ERROR;
				CLANG_WARN_UNREACHABLE_CODE = YES;
				CLANG_WARN__DUPLICATE_METHOD_MATCH = YES;
				"CODE_SIGN_IDENTITY[sdk=iphoneos*]" = "iPhone Developer";
				COPY_PHASE_STRIP = NO;
				DEBUG_INFORMATION_FORMAT = dwarf;
				ENABLE_STRICT_OBJC_MSGSEND = YES;
				ENABLE_TESTABILITY = YES;
				GCC_C_LANGUAGE_STANDARD = gnu99;
				GCC_DYNAMIC_NO_PIC = NO;
				GCC_NO_COMMON_BLOCKS = YES;
				GCC_OPTIMIZATION_LEVEL = 0;
				GCC_PREPROCESSOR_DEFINITIONS = (
					"DEBUG=1",
					"$(inherited)",
				);
				GCC_WARN_64_TO_32_BIT_CONVERSION = YES;
				GCC_WARN_ABOUT_RETURN_TYPE = YES_ERROR;
				GCC_WARN_UNDECLARED_SELECTOR = YES;
				GCC_WARN_UNINITIALIZED_AUTOS = YES_AGGRESSIVE;
				GCC_WARN_UNUSED_FUNCTION = YES;
				GCC_WARN_UNUSED_VARIABLE = YES;
				IPHONEOS_DEPLOYMENT_TARGET = 9.3;
				MTL_ENABLE_DEBUG_INFO = YES;
				ONLY_ACTIVE_ARCH = YES;
				SDKROOT = iphoneos;
				TARGETED_DEVICE_FAMILY = "1,2";
			};
			name = Debug;
		};
		B24BD7391D655F00009ACCED /* Release */ = {
			isa = XCBuildConfiguration;
			buildSettings = {
				ALWAYS_SEARCH_USER_PATHS = NO;
				CLANG_ANALYZER_NONNULL = YES;
				CLANG_CXX_LANGUAGE_STANDARD = "gnu++0x";
				CLANG_CXX_LIBRARY = "libc++";
				CLANG_ENABLE_MODULES = YES;
				CLANG_ENABLE_OBJC_ARC = YES;
				CLANG_WARN_BOOL_CONVERSION = YES;
				CLANG_WARN_CONSTANT_CONVERSION = YES;
				CLANG_WARN_DIRECT_OBJC_ISA_USAGE = YES_ERROR;
				CLANG_WARN_EMPTY_BODY = YES;
				CLANG_WARN_ENUM_CONVERSION = YES;
				CLANG_WARN_INT_CONVERSION = YES;
				CLANG_WARN_OBJC_ROOT_CLASS = YES_ERROR;
				CLANG_WARN_UNREACHABLE_CODE = YES;
				CLANG_WARN__DUPLICATE_METHOD_MATCH = YES;
				"CODE_SIGN_IDENTITY[sdk=iphoneos*]" = "iPhone Developer";
				COPY_PHASE_STRIP = NO;
				DEBUG_INFORMATION_FORMAT = "dwarf-with-dsym";
				ENABLE_NS_ASSERTIONS = NO;
				ENABLE_STRICT_OBJC_MSGSEND = YES;
				GCC_C_LANGUAGE_STANDARD = gnu99;
				GCC_NO_COMMON_BLOCKS = YES;
				GCC_WARN_64_TO_32_BIT_CONVERSION = YES;
				GCC_WARN_ABOUT_RETURN_TYPE = YES_ERROR;
				GCC_WARN_UNDECLARED_SELECTOR = YES;
				GCC_WARN_UNINITIALIZED_AUTOS = YES_AGGRESSIVE;
				GCC_WARN_UNUSED_FUNCTION = YES;
				GCC_WARN_UNUSED_VARIABLE = YES;
				IPHONEOS_DEPLOYMENT_TARGET = 9.3;
				MTL_ENABLE_DEBUG_INFO = NO;
				SDKROOT = iphoneos;
				TARGETED_DEVICE_FAMILY = "1,2";
				VALIDATE_PRODUCT = YES;
			};
			name = Release;
		};
		B24BD73B1D655F00009ACCED /* Debug */ = {
			isa = XCBuildConfiguration;
			buildSettings = {
				ASSETCATALOG_COMPILER_APPICON_NAME = AppIcon;
				INFOPLIST_FILE = gwlAnimation/Info.plist;
				LD_RUNPATH_SEARCH_PATHS = "$(inherited) @executable_path/Frameworks";
				PRODUCT_BUNDLE_IDENTIFIER = com.wangmin.gwlAnimation;
				PRODUCT_NAME = "$(TARGET_NAME)";
			};
			name = Debug;
		};
		B24BD73C1D655F00009ACCED /* Release */ = {
			isa = XCBuildConfiguration;
			buildSettings = {
				ASSETCATALOG_COMPILER_APPICON_NAME = AppIcon;
				INFOPLIST_FILE = gwlAnimation/Info.plist;
				LD_RUNPATH_SEARCH_PATHS = "$(inherited) @executable_path/Frameworks";
				PRODUCT_BUNDLE_IDENTIFIER = com.wangmin.gwlAnimation;
				PRODUCT_NAME = "$(TARGET_NAME)";
			};
			name = Release;
		};
		B24BD73E1D655F00009ACCED /* Debug */ = {
			isa = XCBuildConfiguration;
			buildSettings = {
				BUNDLE_LOADER = "$(TEST_HOST)";
				INFOPLIST_FILE = gwlAnimationTests/Info.plist;
				LD_RUNPATH_SEARCH_PATHS = "$(inherited) @executable_path/Frameworks @loader_path/Frameworks";
				PRODUCT_BUNDLE_IDENTIFIER = com.wangmin.gwlAnimationTests;
				PRODUCT_NAME = "$(TARGET_NAME)";
				TEST_HOST = "$(BUILT_PRODUCTS_DIR)/gwlAnimation.app/gwlAnimation";
			};
			name = Debug;
		};
		B24BD73F1D655F00009ACCED /* Release */ = {
			isa = XCBuildConfiguration;
			buildSettings = {
				BUNDLE_LOADER = "$(TEST_HOST)";
				INFOPLIST_FILE = gwlAnimationTests/Info.plist;
				LD_RUNPATH_SEARCH_PATHS = "$(inherited) @executable_path/Frameworks @loader_path/Frameworks";
				PRODUCT_BUNDLE_IDENTIFIER = com.wangmin.gwlAnimationTests;
				PRODUCT_NAME = "$(TARGET_NAME)";
				TEST_HOST = "$(BUILT_PRODUCTS_DIR)/gwlAnimation.app/gwlAnimation";
			};
			name = Release;
		};
		B24BD7411D655F00009ACCED /* Debug */ = {
			isa = XCBuildConfiguration;
			buildSettings = {
				INFOPLIST_FILE = gwlAnimationUITests/Info.plist;
				LD_RUNPATH_SEARCH_PATHS = "$(inherited) @executable_path/Frameworks @loader_path/Frameworks";
				PRODUCT_BUNDLE_IDENTIFIER = com.wangmin.gwlAnimationUITests;
				PRODUCT_NAME = "$(TARGET_NAME)";
				TEST_TARGET_NAME = gwlAnimation;
			};
			name = Debug;
		};
		B24BD7421D655F00009ACCED /* Release */ = {
			isa = XCBuildConfiguration;
			buildSettings = {
				INFOPLIST_FILE = gwlAnimationUITests/Info.plist;
				LD_RUNPATH_SEARCH_PATHS = "$(inherited) @executable_path/Frameworks @loader_path/Frameworks";
				PRODUCT_BUNDLE_IDENTIFIER = com.wangmin.gwlAnimationUITests;
				PRODUCT_NAME = "$(TARGET_NAME)";
				TEST_TARGET_NAME = gwlAnimation;
			};
			name = Release;
		};
/* End XCBuildConfiguration section */

/* Begin XCConfigurationList section */
		B24BD7051D655F00009ACCED /* Build configuration list for PBXProject "gwlAnimation" */ = {
			isa = XCConfigurationList;
			buildConfigurations = (
				B24BD7381D655F00009ACCED /* Debug */,
				B24BD7391D655F00009ACCED /* Release */,
			);
			defaultConfigurationIsVisible = 0;
			defaultConfigurationName = Release;
		};
		B24BD73A1D655F00009ACCED /* Build configuration list for PBXNativeTarget "gwlAnimation" */ = {
			isa = XCConfigurationList;
			buildConfigurations = (
				B24BD73B1D655F00009ACCED /* Debug */,
				B24BD73C1D655F00009ACCED /* Release */,
			);
			defaultConfigurationIsVisible = 0;
		};
		B24BD73D1D655F00009ACCED /* Build configuration list for PBXNativeTarget "gwlAnimationTests" */ = {
			isa = XCConfigurationList;
			buildConfigurations = (
				B24BD73E1D655F00009ACCED /* Debug */,
				B24BD73F1D655F00009ACCED /* Release */,
			);
			defaultConfigurationIsVisible = 0;
		};
		B24BD7401D655F00009ACCED /* Build configuration list for PBXNativeTarget "gwlAnimationUITests" */ = {
			isa = XCConfigurationList;
			buildConfigurations = (
				B24BD7411D655F00009ACCED /* Debug */,
				B24BD7421D655F00009ACCED /* Release */,
			);
			defaultConfigurationIsVisible = 0;
		};
/* End XCConfigurationList section */

/* Begin XCVersionGroup section */
		B24BD7191D655F00009ACCED /* gwlAnimation.xcdatamodeld */ = {
			isa = XCVersionGroup;
			children = (
				B24BD71A1D655F00009ACCED /* gwlAnimation.xcdatamodel */,
			);
			currentVersion = B24BD71A1D655F00009ACCED /* gwlAnimation.xcdatamodel */;
			path = gwlAnimation.xcdatamodeld;
			sourceTree = "<group>";
			versionGroupType = wrapper.xcdatamodel;
		};
/* End XCVersionGroup section */
	};
	rootObject = B24BD7021D655F00009ACCED /* Project object */;
}
